# This file is automatically @generated by Cargo.
# It is not intended for manual editing.
[[package]]
name = "bootloader"
version = "0.9.14"
source = "registry+https://github.com/rust-lang/crates.io-index"
checksum = "77b333a502e4d2381a65a0b238957bfebe8d24d726a618e4152d6b068d46acde"

[[package]]
name = "nainneon"
version = "0.0.0"
dependencies = [
 "bootloader",
 "volatile",
]

[[package]]
name = "volatile"
version = "0.4.3"
source = "registry+https://github.com/rust-lang/crates.io-index"
checksum = "8a9dc439ba8353e28f34356cf26f7847e5f15f33ccedde090278fa8ff08f4e10"
